<Solution>
  <Folder Name="/Build/">
    <File Path=".dockerignore" />
    <File Path="Directory.Packages.props" />
    <File Path="Dockerfile" />
    <File Path="GitVersion.yml" />
  </Folder>
  <Folder Name="/Docs/">
    <File Path="CLAUDE.md" />
    <File Path="CONTRIBUTING.md" />
    <File Path="README.md" />
    <File Path="TODO.md" />
  </Folder>
  <Folder Name="/Scripts/" />
  <Folder Name="/Scripts/Build/">
    <File Path="scripts\Build\build.sh" />
    <File Path="scripts\Build\full_publish.sh" />
    <File Path="scripts\Build\publish.sh" />
    <File Path="scripts\Build\restart_remote.sh" />
    <File Path="scripts\Build\restore.sh" />
    <File Path="scripts\Build\shared.sh" />
    <File Path="scripts\Build\test.sh" />
  </Folder>
  <Folder Name="/Scripts/DataMigrationScripts/">
    <File Path="scripts\DataMigrationScripts\backup-db.sh" />
    <File Path="scripts\DataMigrationScripts\import-wintours.py" />
    <File Path="scripts\DataMigrationScripts\import_teams.py" />
    <File Path="scripts\DataMigrationScripts\migrate-db.py" />
    <File Path="scripts\DataMigrationScripts\migrate_arcade_levels.py" />
    <File Path="scripts\DataMigrationScripts\migrate_shop.py" />
    <File Path="scripts\DataMigrationScripts\normalize_arcade_level_ids.py" />
    <File Path="scripts\DataMigrationScripts\sync_room_teams.py" />
    <File Path="scripts\DataMigrationScripts\update_team_badges.py" />
  </Folder>
  <Folder Name="/Scripts/S3/">
    <File Path="scripts\S3\clear-bucket.sh" />
    <File Path="scripts\S3\set-bucket-lifecycle.sh" />
    <File Path="scripts\S3\set-bucket-policy.sh" />
  </Folder>
  <Folder Name="/src/">
    <Project Path="src/ElsaMina.Battles/ElsaMina.Battles.csproj" />
    <Project Path="src/ElsaMina.Gui/ElsaMina.Gui.csproj" />
    <Project Path="src\ElsaMina.Commands\ElsaMina.Commands.csproj" />
    <Project Path="src\ElsaMina.Console\ElsaMina.Console.csproj" />
    <Project Path="src\ElsaMina.Core\ElsaMina.Core.csproj" />
    <Project Path="src\ElsaMina.DataAccess\ElsaMina.DataAccess.csproj" />
    <Project Path="src\ElsaMina.FileSharing\ElsaMina.FileSharing.csproj" />
    <Project Path="src\ElsaMina.Logging\ElsaMina.Logging.csproj" />
    <Project Path="src\ElsaMina.Sheets\ElsaMina.Sheets.csproj" />
  </Folder>
  <Folder Name="/test/">
    <Project Path="test\ElsaMina.IntegrationTests\ElsaMina.IntegrationTests.csproj" />
    <Project Path="test\ElsaMina.UnitTests\ElsaMina.UnitTests.csproj" />
  </Folder>
  <Folder Name="/Workflows/">
    <File Path=".github\workflows\deploy.yml" />
    <File Path=".github\workflows\pr.yml" />
    <File Path=".github\workflows\test.yml" />
    <File Path=".github\workflows\sonar.yml" />
  </Folder>
</Solution>